
Microsoft Visual Studio Solution File, Format Version 12.00
# Visual Studio 2012
Project("{FAE04EC0-301F-11D3-BF4B-00C04F79EFBC}") = "CoderStrikeBack", "CoderStrikeBack\CoderStrikeBack.csproj", "{B969DA64-AFC2-4B37-ACFE-3E8E731CAB3F}"
EndProject
Project("{FAE04EC0-301F-11D3-BF4B-00C04F79EFBC}") = "CoderStrikeBack.UnitTest", "CoderStrikeBack.UnitTest\CoderStrikeBack.UnitTest.csproj", "{B5E8AB5F-BE54-412B-9FAC-0138CA7ED9FF}"
EndProject
Global
	GlobalSection(SolutionConfigurationPlatforms) = preSolution
		Debug|Any CPU = Debug|Any CPU
		Release|Any CPU = Release|Any CPU
	EndGlobalSection
	GlobalSection(ProjectConfigurationPlatforms) = postSolution
		{B969DA64-AFC2-4B37-ACFE-3E8E731CAB3F}.Debug|Any CPU.ActiveCfg = Debug|Any CPU
		{B969DA64-AFC2-4B37-ACFE-3E8E731CAB3F}.Debug|Any CPU.Build.0 = Debug|Any CPU
		{B969DA64-AFC2-4B37-ACFE-3E8E731CAB3F}.Release|Any CPU.ActiveCfg = Release|Any CPU
		{B969DA64-AFC2-4B37-ACFE-3E8E731CAB3F}.Release|Any CPU.Build.0 = Release|Any CPU
		{B5E8AB5F-BE54-412B-9FAC-0138CA7ED9FF}.Debug|Any CPU.ActiveCfg = Debug|Any CPU
		{B5E8AB5F-BE54-412B-9FAC-0138CA7ED9FF}.Debug|Any CPU.Build.0 = Debug|Any CPU
		{B5E8AB5F-BE54-412B-9FAC-0138CA7ED9FF}.Release|Any CPU.ActiveCfg = Release|Any CPU
		{B5E8AB5F-BE54-412B-9FAC-0138CA7ED9FF}.Release|Any CPU.Build.0 = Release|Any CPU
	EndGlobalSection
	GlobalSection(SolutionProperties) = preSolution
		HideSolutionNode = FALSE
	EndGlobalSection
EndGlobal
